{
  "name": "totem.module.tipi-base-adapter",
  "version": "1.6.7",
  "dependencies": {
    "bourbon": {
      "version": "4.3.4",
      "from": "bourbon@>=4.3.4 <5.0.0",
      "resolved": "https://registry.npmjs.org/bourbon/-/bourbon-4.3.4.tgz"
    },
    "tipi.base.columns": {
      "version": "3.3.3",
      "from": "tipi.base.columns@>=3.3.3 <4.0.0",
      "resolved": "https://registry.npmjs.org/tipi.base.columns/-/tipi.base.columns-3.3.3.tgz"
    },
    "tipi.base.combined": {
      "version": "1.1.12",
      "from": "tipi.base.combined@>=1.1.12 <2.0.0",
      "resolved": "https://registry.npmjs.org/tipi.base.combined/-/tipi.base.combined-1.1.12.tgz"
    },
    "tipi.base.element-group": {
      "version": "3.0.5",
      "from": "tipi.base.element-group@>=3.0.4 <4.0.0",
      "resolved": "https://registry.npmjs.org/tipi.base.element-group/-/tipi.base.element-group-3.0.5.tgz"
    },
    "tipi.base.sticky-end": {
      "version": "2.0.2",
      "from": "tipi.base.sticky-end@>=2.0.2 <3.0.0",
      "resolved": "https://registry.npmjs.org/tipi.base.sticky-end/-/tipi.base.sticky-end-2.0.2.tgz"
    },
    "tipi.base.valign": {
      "version": "1.0.2",
      "from": "tipi.base.valign@>=1.0.2 <2.0.0",
      "resolved": "https://registry.npmjs.org/tipi.base.valign/-/tipi.base.valign-1.0.2.tgz"
    }
  }
}
